
Microsoft Visual Studio Solution File, Format Version 12.00
# Visual Studio 15
VisualStudioVersion = 15.0.27703.2042
MinimumVisualStudioVersion = 10.0.40219.1
Project("{FAE04EC0-301F-11D3-BF4B-00C04F79EFBC}") = "IttyBittyApocalypse", "IttyBittyApocalypse\IttyBittyApocalypse.csproj", "{ACCA83C1-3108-438A-B66B-BD9004E504A1}"
EndProject
Global
	GlobalSection(SolutionConfigurationPlatforms) = preSolution
		Debug|Any CPU = Debug|Any CPU
		Release|Any CPU = Release|Any CPU
	EndGlobalSection
	GlobalSection(ProjectConfigurationPlatforms) = postSolution
		{ACCA83C1-3108-438A-B66B-BD9004E504A1}.Debug|Any CPU.ActiveCfg = Debug|Any CPU
		{ACCA83C1-3108-438A-B66B-BD9004E504A1}.Debug|Any CPU.Build.0 = Debug|Any CPU
		{ACCA83C1-3108-438A-B66B-BD9004E504A1}.Release|Any CPU.ActiveCfg = Release|Any CPU
		{ACCA83C1-3108-438A-B66B-BD9004E504A1}.Release|Any CPU.Build.0 = Release|Any CPU
	EndGlobalSection
	GlobalSection(SolutionProperties) = preSolution
		HideSolutionNode = FALSE
	EndGlobalSection
	GlobalSection(ExtensibilityGlobals) = postSolution
		SolutionGuid = {9E65EAE3-54AE-444C-B211-5BC2949A2C8E}
	EndGlobalSection
EndGlobal
